
Microsoft Visual Studio Solution File, Format Version 12.00
# Visual Studio 2013
VisualStudioVersion = 12.0.31101.0
MinimumVisualStudioVersion = 10.0.40219.1
Project("{FAE04EC0-301F-11D3-BF4B-00C04F79EFBC}") = "NativeBridgeDevBed", "NativeBridgeDevBed.csproj", "{A99E5012-CB6D-413F-9776-15F5E4B0B4B6}"
EndProject
Global
	GlobalSection(SolutionConfigurationPlatforms) = preSolution
		Debug|Any CPU = Debug|Any CPU
		Dev|Any CPU = Dev|Any CPU
		Release|Any CPU = Release|Any CPU
	EndGlobalSection
	GlobalSection(ProjectConfigurationPlatforms) = postSolution
		{A99E5012-CB6D-413F-9776-15F5E4B0B4B6}.Debug|Any CPU.ActiveCfg = Dev|Any CPU
		{A99E5012-CB6D-413F-9776-15F5E4B0B4B6}.Debug|Any CPU.Build.0 = Dev|Any CPU
		{A99E5012-CB6D-413F-9776-15F5E4B0B4B6}.Dev|Any CPU.ActiveCfg = Dev|Any CPU
		{A99E5012-CB6D-413F-9776-15F5E4B0B4B6}.Dev|Any CPU.Build.0 = Dev|Any CPU
		{A99E5012-CB6D-413F-9776-15F5E4B0B4B6}.Release|Any CPU.ActiveCfg = Dev|Any CPU
		{A99E5012-CB6D-413F-9776-15F5E4B0B4B6}.Release|Any CPU.Build.0 = Dev|Any CPU
	EndGlobalSection
	GlobalSection(SolutionProperties) = preSolution
		HideSolutionNode = FALSE
	EndGlobalSection
EndGlobal
